Microsoft Visual Studio Solution File, Format Version 11.00
# Visual Studio 2008

Project("{347B7AAF-427A-8B2E-78B2-B1281490F6FD}") = "SiKancil", "Assembly-CSharp.csproj", "{A78DBA19-6F4E-7119-E8FE-DB39FE0DE83E}"
EndProject
Global
	GlobalSection(SolutionConfigurationPlatforms) = preSolution
		Debug|Any CPU = Debug|Any CPU
		Release|Any CPU = Release|Any CPU
	EndGlobalSection
	GlobalSection(ProjectConfigurationPlatforms) = postSolution
		{A78DBA19-6F4E-7119-E8FE-DB39FE0DE83E}.Debug|Any CPU.ActiveCfg = Debug|Any CPU
		{A78DBA19-6F4E-7119-E8FE-DB39FE0DE83E}.Debug|Any CPU.Build.0 = Debug|Any CPU
		{A78DBA19-6F4E-7119-E8FE-DB39FE0DE83E}.Release|Any CPU.ActiveCfg = Release|Any CPU
		{A78DBA19-6F4E-7119-E8FE-DB39FE0DE83E}.Release|Any CPU.Build.0 = Release|Any CPU
	EndGlobalSection
	GlobalSection(SolutionProperties) = preSolution
		HideSolutionNode = FALSE
	EndGlobalSection
	GlobalSection(MonoDevelopProperties) = preSolution
		StartupItem = Assembly-CSharp.csproj
	EndGlobalSection
EndGlobal
